
Microsoft Visual Studio Solution File, Format Version 12.00
# Visual Studio Version 18
VisualStudioVersion = 18.0.11205.157
MinimumVisualStudioVersion = 10.0.40219.1
Project("{2150E333-8FDC-42A3-9474-1A3956D46DE8}") = "src", "src", "{9C3DD241-E48B-49D5-A58A-263F5D56429B}"
EndProject
Project("{2150E333-8FDC-42A3-9474-1A3956D46DE8}") = "services", "services", "{0AB4D7E3-8E6A-4E91-ABD7-E3EE943D71E0}"
EndProject
Project("{2150E333-8FDC-42A3-9474-1A3956D46DE8}") = "shared", "shared", "{960762E2-7A70-4461-AE90-7A9A2AB7D74D}"
EndProject
Project("{2150E333-8FDC-42A3-9474-1A3956D46DE8}") = "UserManagement", "UserManagement", "{BAD0E586-3282-4D8E-8283-31D0A21016C8}"
EndProject
Project("{FAE04EC0-301F-11D3-BF4B-00C04F79EFBC}") = "Nexus.UserManagement.Service.Domain", "src\services\UserManagement\Nexus.UserManagement.Service.Domain\Nexus.UserManagement.Service.Domain.csproj", "{5DFAF4DA-08F5-43C9-8C83-438D9D6AD903}"
EndProject
Project("{FAE04EC0-301F-11D3-BF4B-00C04F79EFBC}") = "Nexus.UserManagement.Service.Application", "src\services\UserManagement\Nexus.UserManagement.Service.Application\Nexus.UserManagement.Service.Application.csproj", "{BA5B94C0-F3D2-4414-8E2C-AF3219616E52}"
EndProject
Project("{FAE04EC0-301F-11D3-BF4B-00C04F79EFBC}") = "Nexus.UserManagement.Service.Infrastructure", "src\services\UserManagement\Nexus.UserManagement.Service.Infrastructure\Nexus.UserManagement.Service.Infrastructure.csproj", "{174F7F6E-7DC1-4504-AEBC-9B5F46A0E1B3}"
EndProject
Project("{2150E333-8FDC-42A3-9474-1A3956D46DE8}") = "core", "core", "{3899656A-A295-408E-9671-9FBA3160BF87}"
EndProject
Project("{FAE04EC0-301F-11D3-BF4B-00C04F79EFBC}") = "Shared.Kernel", "src\shared\core\Shared.Kernel\Shared.Kernel.csproj", "{FB55A3C5-56A2-4659-B556-EBAF9676AF21}"
EndProject
Project("{FAE04EC0-301F-11D3-BF4B-00C04F79EFBC}") = "Shared.Logging", "src\shared\core\Shared.Logging\Shared.Logging.csproj", "{BB56C15C-1F01-4B8A-9212-E8BBCD88FDF5}"
EndProject
Project("{2150E333-8FDC-42A3-9474-1A3956D46DE8}") = "deployment", "deployment", "{CBB0903B-19F8-45FA-B024-3CCB86901BF2}"
	ProjectSection(SolutionItems) = preProject
		deployment\Authentication.Dockerfile = deployment\Authentication.Dockerfile
		deployment\docker-compose.yml = deployment\docker-compose.yml
		deployment\UserManagement.Dockerfile = deployment\UserManagement.Dockerfile
	EndProjectSection
EndProject
Project("{2150E333-8FDC-42A3-9474-1A3956D46DE8}") = "apps", "apps", "{3C320343-C497-4E1D-8DDA-95DA2A82110B}"
EndProject
Project("{FAE04EC0-301F-11D3-BF4B-00C04F79EFBC}") = "Nexus.Bff", "src\apps\Nexus.Bff\Nexus.Bff.csproj", "{8E543AB8-8765-4ADC-AC87-73F06E00A56C}"
EndProject
Project("{2150E333-8FDC-42A3-9474-1A3956D46DE8}") = "infrastructure", "infrastructure", "{2E867C40-F193-A812-12F8-8A683757208B}"
EndProject
Project("{FAE04EC0-301F-11D3-BF4B-00C04F79EFBC}") = "Shared.Redis", "src\shared\infrastructure\Shared.Redis\Shared.Redis.csproj", "{228850D8-0CF6-4346-9523-7D7A6AFC7029}"
EndProject
Project("{2150E333-8FDC-42A3-9474-1A3956D46DE8}") = "contracts", "contracts", "{05290290-FAC7-C423-954B-6E53FBAB1A71}"
EndProject
Project("{FAE04EC0-301F-11D3-BF4B-00C04F79EFBC}") = "Shared.Contracts", "src\shared\contracts\Shared.Contracts\Shared.Contracts.csproj", "{D5AA6294-2CD0-442B-BCCE-DD7D7C308009}"
EndProject
Project("{FAE04EC0-301F-11D3-BF4B-00C04F79EFBC}") = "Nexus.UserManagement.Service.Api", "src\services\UserManagement\Nexus.UserManagement.Service.Api\Nexus.UserManagement.Service.Api.csproj", "{C559AE61-8DF0-423C-AC8F-9F1C7C6BE8CD}"
EndProject
Project("{2150E333-8FDC-42A3-9474-1A3956D46DE8}") = "validations", "validations", "{2114B490-C265-BC07-E223-EF7EFE1E9AF0}"
EndProject
Project("{FAE04EC0-301F-11D3-BF4B-00C04F79EFBC}") = "Shared.Validations", "src\shared\validations\Shared.Validations\Shared.Validations.csproj", "{134BBFDD-0699-4546-89D4-8102CC197B46}"
EndProject
Project("{2150E333-8FDC-42A3-9474-1A3956D46DE8}") = "web", "web", "{D5E229E5-7C4F-6A1D-8AD4-21078D3BA9AE}"
EndProject
Project("{FAE04EC0-301F-11D3-BF4B-00C04F79EFBC}") = "Shared.Web", "src\shared\web\Shared.Web\Shared.Web.csproj", "{3EA77B57-7045-44D2-82A5-546A08450ACE}"
EndProject
Project("{FAE04EC0-301F-11D3-BF4B-00C04F79EFBC}") = "Shared.Dapper", "src\shared\infrastructure\Shared.Dapper\Shared.Dapper.csproj", "{05E873A2-12BF-455D-AF4E-C4F11B7F93D2}"
EndProject
Project("{FAE04EC0-301F-11D3-BF4B-00C04F79EFBC}") = "Shared.EntityFramework", "src\shared\infrastructure\Shared.EntityFramework\Shared.EntityFramework.csproj", "{E40CA25B-15B4-4DA1-9378-F011622E41DB}"
EndProject
Project("{FAE04EC0-301F-11D3-BF4B-00C04F79EFBC}") = "Shared.Application", "src\shared\core\Shared.Application\Shared.Application.csproj", "{7C65C836-BF90-4FD8-A031-B301C29A0D6B}"
EndProject
Project("{FAE04EC0-301F-11D3-BF4B-00C04F79EFBC}") = "Shared.Messaging", "src\shared\infrastructure\Shared.Messaging\Shared.Messaging.csproj", "{3B3CCA85-2EA5-4E44-846B-2FC38CC47E75}"
EndProject
Project("{2150E333-8FDC-42A3-9474-1A3956D46DE8}") = "tests", "tests", "{0AB3BF05-4346-4AA6-1389-037BE0695223}"
EndProject
Project("{2150E333-8FDC-42A3-9474-1A3956D46DE8}") = "unit", "unit", "{9D556B49-86D1-93A7-9596-FFAAB74EC556}"
EndProject
Project("{FAE04EC0-301F-11D3-BF4B-00C04F79EFBC}") = "Nexus.UserManagement.Service.Unit.Tests", "tests\unit\Nexus.UserManagement.Service.Unit.Tests\Nexus.UserManagement.Service.Unit.Tests.csproj", "{504276F0-71BB-4FE6-85FA-AF516FB84C2A}"
EndProject
Project("{2150E333-8FDC-42A3-9474-1A3956D46DE8}") = "integration", "integration", "{28A6993C-471E-82FE-7D9E-AD3B1EC22BD9}"
EndProject
Project("{FAE04EC0-301F-11D3-BF4B-00C04F79EFBC}") = "Nexus.UserManagement.Service.Integration.Tests", "tests\integration\Nexus.UserManagement.Service.Integration.Tests\Nexus.UserManagement.Service.Integration.Tests.csproj", "{FA0F95C6-9B39-403A-9C24-AB8BA84746B2}"
EndProject
Project("{FAE04EC0-301F-11D3-BF4B-00C04F79EFBC}") = "Nexus.Shared.Unit.Tests", "tests\unit\Nexus.Shared.Unit.Tests\Nexus.Shared.Unit.Tests.csproj", "{CF85664C-9095-4BA0-92A3-658944F8EE92}"
EndProject
Project("{2150E333-8FDC-42A3-9474-1A3956D46DE8}") = "shared", "shared", "{D0D6B8B0-AC35-B3FA-0B96-A9B0E4A3253E}"
EndProject
Project("{FAE04EC0-301F-11D3-BF4B-00C04F79EFBC}") = "Shared.Test.Cache", "tests\shared\Shared.Test.Cache\Shared.Test.Cache.csproj", "{F63C1EA7-D519-4636-B425-DB9CE53F8D55}"
EndProject
Project("{2150E333-8FDC-42A3-9474-1A3956D46DE8}") = "abstractions", "abstractions", "{B0B9F6B2-99A2-872E-D51B-D513C0ED098A}"
EndProject
Project("{FAE04EC0-301F-11D3-BF4B-00C04F79EFBC}") = "Shared.Abstractions", "src\shared\abstractions\Shared.Abstractions\Shared.Abstractions.csproj", "{20E9433B-D7B8-4E20-B1B0-87311452D2CB}"
EndProject
Project("{FAE04EC0-301F-11D3-BF4B-00C04F79EFBC}") = "Nexus.Authentication.Integration.Tests", "tests\integration\Nexus.Authentication.Integration.Tests\Nexus.Authentication.Integration.Tests.csproj", "{579BBC16-0D23-4B5F-83D6-775B93762096}"
EndProject
Project("{2150E333-8FDC-42A3-9474-1A3956D46DE8}") = "Authentication", "Authentication", "{95C0D132-D9C7-E9D5-802E-E5DB21C9CF2C}"
EndProject
Project("{FAE04EC0-301F-11D3-BF4B-00C04F79EFBC}") = "Nexus.Authentication.Application", "src\services\Authentication\Nexus.Authentication.Application\Nexus.Authentication.Application.csproj", "{290D8BD0-B1D8-4C18-82E3-74044BDAB2C5}"
EndProject
Project("{FAE04EC0-301F-11D3-BF4B-00C04F79EFBC}") = "Nexus.Authentication.Domain", "src\services\Authentication\Nexus.Authentication.Domain\Nexus.Authentication.Domain.csproj", "{C1F219F1-7DA4-492C-BC3E-094348A07ED7}"
EndProject
Project("{FAE04EC0-301F-11D3-BF4B-00C04F79EFBC}") = "Nexus.Authentication.Infrastructure", "src\services\Authentication\Nexus.Authentication.Infrastructure\Nexus.Authentication.Infrastructure.csproj", "{2D671196-F511-4623-BF6E-8E9999217884}"
EndProject
Project("{FAE04EC0-301F-11D3-BF4B-00C04F79EFBC}") = "Nexus.Authentication.Api", "src\services\Authentication\Nexus.Authentication.Api\Nexus.Authentication.Api.csproj", "{2BC55402-2AAB-46BB-B307-CD874BE2A42C}"
EndProject
Global
	GlobalSection(SolutionConfigurationPlatforms) = preSolution
		Debug|Any CPU = Debug|Any CPU
		Debug|x64 = Debug|x64
		Debug|x86 = Debug|x86
		Release|Any CPU = Release|Any CPU
		Release|x64 = Release|x64
		Release|x86 = Release|x86
	EndGlobalSection
	GlobalSection(ProjectConfigurationPlatforms) = postSolution
		{5DFAF4DA-08F5-43C9-8C83-438D9D6AD903}.Debug|Any CPU.ActiveCfg = Debug|Any CPU
		{5DFAF4DA-08F5-43C9-8C83-438D9D6AD903}.Debug|Any CPU.Build.0 = Debug|Any CPU
		{5DFAF4DA-08F5-43C9-8C83-438D9D6AD903}.Debug|x64.ActiveCfg = Debug|Any CPU
		{5DFAF4DA-08F5-43C9-8C83-438D9D6AD903}.Debug|x64.Build.0 = Debug|Any CPU
		{5DFAF4DA-08F5-43C9-8C83-438D9D6AD903}.Debug|x86.ActiveCfg = Debug|Any CPU
		{5DFAF4DA-08F5-43C9-8C83-438D9D6AD903}.Debug|x86.Build.0 = Debug|Any CPU
		{5DFAF4DA-08F5-43C9-8C83-438D9D6AD903}.Release|Any CPU.ActiveCfg = Release|Any CPU
		{5DFAF4DA-08F5-43C9-8C83-438D9D6AD903}.Release|Any CPU.Build.0 = Release|Any CPU
		{5DFAF4DA-08F5-43C9-8C83-438D9D6AD903}.Release|x64.ActiveCfg = Release|Any CPU
		{5DFAF4DA-08F5-43C9-8C83-438D9D6AD903}.Release|x64.Build.0 = Release|Any CPU
		{5DFAF4DA-08F5-43C9-8C83-438D9D6AD903}.Release|x86.ActiveCfg = Release|Any CPU
		{5DFAF4DA-08F5-43C9-8C83-438D9D6AD903}.Release|x86.Build.0 = Release|Any CPU
		{BA5B94C0-F3D2-4414-8E2C-AF3219616E52}.Debug|Any CPU.ActiveCfg = Debug|Any CPU
		{BA5B94C0-F3D2-4414-8E2C-AF3219616E52}.Debug|Any CPU.Build.0 = Debug|Any CPU
		{BA5B94C0-F3D2-4414-8E2C-AF3219616E52}.Debug|x64.ActiveCfg = Debug|Any CPU
		{BA5B94C0-F3D2-4414-8E2C-AF3219616E52}.Debug|x64.Build.0 = Debug|Any CPU
		{BA5B94C0-F3D2-4414-8E2C-AF3219616E52}.Debug|x86.ActiveCfg = Debug|Any CPU
		{BA5B94C0-F3D2-4414-8E2C-AF3219616E52}.Debug|x86.Build.0 = Debug|Any CPU
		{BA5B94C0-F3D2-4414-8E2C-AF3219616E52}.Release|Any CPU.ActiveCfg = Release|Any CPU
		{BA5B94C0-F3D2-4414-8E2C-AF3219616E52}.Release|Any CPU.Build.0 = Release|Any CPU
		{BA5B94C0-F3D2-4414-8E2C-AF3219616E52}.Release|x64.ActiveCfg = Release|Any CPU
		{BA5B94C0-F3D2-4414-8E2C-AF3219616E52}.Release|x64.Build.0 = Release|Any CPU
		{BA5B94C0-F3D2-4414-8E2C-AF3219616E52}.Release|x86.ActiveCfg = Release|Any CPU
		{BA5B94C0-F3D2-4414-8E2C-AF3219616E52}.Release|x86.Build.0 = Release|Any CPU
		{174F7F6E-7DC1-4504-AEBC-9B5F46A0E1B3}.Debug|Any CPU.ActiveCfg = Debug|Any CPU
		{174F7F6E-7DC1-4504-AEBC-9B5F46A0E1B3}.Debug|Any CPU.Build.0 = Debug|Any CPU
		{174F7F6E-7DC1-4504-AEBC-9B5F46A0E1B3}.Debug|x64.ActiveCfg = Debug|Any CPU
		{174F7F6E-7DC1-4504-AEBC-9B5F46A0E1B3}.Debug|x64.Build.0 = Debug|Any CPU
		{174F7F6E-7DC1-4504-AEBC-9B5F46A0E1B3}.Debug|x86.ActiveCfg = Debug|Any CPU
		{174F7F6E-7DC1-4504-AEBC-9B5F46A0E1B3}.Debug|x86.Build.0 = Debug|Any CPU
		{174F7F6E-7DC1-4504-AEBC-9B5F46A0E1B3}.Release|Any CPU.ActiveCfg = Release|Any CPU
		{174F7F6E-7DC1-4504-AEBC-9B5F46A0E1B3}.Release|Any CPU.Build.0 = Release|Any CPU
		{174F7F6E-7DC1-4504-AEBC-9B5F46A0E1B3}.Release|x64.ActiveCfg = Release|Any CPU
		{174F7F6E-7DC1-4504-AEBC-9B5F46A0E1B3}.Release|x64.Build.0 = Release|Any CPU
		{174F7F6E-7DC1-4504-AEBC-9B5F46A0E1B3}.Release|x86.ActiveCfg = Release|Any CPU
		{174F7F6E-7DC1-4504-AEBC-9B5F46A0E1B3}.Release|x86.Build.0 = Release|Any CPU
		{FB55A3C5-56A2-4659-B556-EBAF9676AF21}.Debug|Any CPU.ActiveCfg = Debug|Any CPU
		{FB55A3C5-56A2-4659-B556-EBAF9676AF21}.Debug|Any CPU.Build.0 = Debug|Any CPU
		{FB55A3C5-56A2-4659-B556-EBAF9676AF21}.Debug|x64.ActiveCfg = Debug|Any CPU
		{FB55A3C5-56A2-4659-B556-EBAF9676AF21}.Debug|x64.Build.0 = Debug|Any CPU
		{FB55A3C5-56A2-4659-B556-EBAF9676AF21}.Debug|x86.ActiveCfg = Debug|Any CPU
		{FB55A3C5-56A2-4659-B556-EBAF9676AF21}.Debug|x86.Build.0 = Debug|Any CPU
		{FB55A3C5-56A2-4659-B556-EBAF9676AF21}.Release|Any CPU.ActiveCfg = Release|Any CPU
		{FB55A3C5-56A2-4659-B556-EBAF9676AF21}.Release|Any CPU.Build.0 = Release|Any CPU
		{FB55A3C5-56A2-4659-B556-EBAF9676AF21}.Release|x64.ActiveCfg = Release|Any CPU
		{FB55A3C5-56A2-4659-B556-EBAF9676AF21}.Release|x64.Build.0 = Release|Any CPU
		{FB55A3C5-56A2-4659-B556-EBAF9676AF21}.Release|x86.ActiveCfg = Release|Any CPU
		{FB55A3C5-56A2-4659-B556-EBAF9676AF21}.Release|x86.Build.0 = Release|Any CPU
		{BB56C15C-1F01-4B8A-9212-E8BBCD88FDF5}.Debug|Any CPU.ActiveCfg = Debug|Any CPU
		{BB56C15C-1F01-4B8A-9212-E8BBCD88FDF5}.Debug|Any CPU.Build.0 = Debug|Any CPU
		{BB56C15C-1F01-4B8A-9212-E8BBCD88FDF5}.Debug|x64.ActiveCfg = Debug|Any CPU
		{BB56C15C-1F01-4B8A-9212-E8BBCD88FDF5}.Debug|x64.Build.0 = Debug|Any CPU
		{BB56C15C-1F01-4B8A-9212-E8BBCD88FDF5}.Debug|x86.ActiveCfg = Debug|Any CPU
		{BB56C15C-1F01-4B8A-9212-E8BBCD88FDF5}.Debug|x86.Build.0 = Debug|Any CPU
		{BB56C15C-1F01-4B8A-9212-E8BBCD88FDF5}.Release|Any CPU.ActiveCfg = Release|Any CPU
		{BB56C15C-1F01-4B8A-9212-E8BBCD88FDF5}.Release|Any CPU.Build.0 = Release|Any CPU
		{BB56C15C-1F01-4B8A-9212-E8BBCD88FDF5}.Release|x64.ActiveCfg = Release|Any CPU
		{BB56C15C-1F01-4B8A-9212-E8BBCD88FDF5}.Release|x64.Build.0 = Release|Any CPU
		{BB56C15C-1F01-4B8A-9212-E8BBCD88FDF5}.Release|x86.ActiveCfg = Release|Any CPU
		{BB56C15C-1F01-4B8A-9212-E8BBCD88FDF5}.Release|x86.Build.0 = Release|Any CPU
		{8E543AB8-8765-4ADC-AC87-73F06E00A56C}.Debug|Any CPU.ActiveCfg = Debug|Any CPU
		{8E543AB8-8765-4ADC-AC87-73F06E00A56C}.Debug|Any CPU.Build.0 = Debug|Any CPU
		{8E543AB8-8765-4ADC-AC87-73F06E00A56C}.Debug|x64.ActiveCfg = Debug|Any CPU
		{8E543AB8-8765-4ADC-AC87-73F06E00A56C}.Debug|x64.Build.0 = Debug|Any CPU
		{8E543AB8-8765-4ADC-AC87-73F06E00A56C}.Debug|x86.ActiveCfg = Debug|Any CPU
		{8E543AB8-8765-4ADC-AC87-73F06E00A56C}.Debug|x86.Build.0 = Debug|Any CPU
		{8E543AB8-8765-4ADC-AC87-73F06E00A56C}.Release|Any CPU.ActiveCfg = Release|Any CPU
		{8E543AB8-8765-4ADC-AC87-73F06E00A56C}.Release|Any CPU.Build.0 = Release|Any CPU
		{8E543AB8-8765-4ADC-AC87-73F06E00A56C}.Release|x64.ActiveCfg = Release|Any CPU
		{8E543AB8-8765-4ADC-AC87-73F06E00A56C}.Release|x64.Build.0 = Release|Any CPU
		{8E543AB8-8765-4ADC-AC87-73F06E00A56C}.Release|x86.ActiveCfg = Release|Any CPU
		{8E543AB8-8765-4ADC-AC87-73F06E00A56C}.Release|x86.Build.0 = Release|Any CPU
		{228850D8-0CF6-4346-9523-7D7A6AFC7029}.Debug|Any CPU.ActiveCfg = Debug|Any CPU
		{228850D8-0CF6-4346-9523-7D7A6AFC7029}.Debug|Any CPU.Build.0 = Debug|Any CPU
		{228850D8-0CF6-4346-9523-7D7A6AFC7029}.Debug|x64.ActiveCfg = Debug|Any CPU
		{228850D8-0CF6-4346-9523-7D7A6AFC7029}.Debug|x64.Build.0 = Debug|Any CPU
		{228850D8-0CF6-4346-9523-7D7A6AFC7029}.Debug|x86.ActiveCfg = Debug|Any CPU
		{228850D8-0CF6-4346-9523-7D7A6AFC7029}.Debug|x86.Build.0 = Debug|Any CPU
		{228850D8-0CF6-4346-9523-7D7A6AFC7029}.Release|Any CPU.ActiveCfg = Release|Any CPU
		{228850D8-0CF6-4346-9523-7D7A6AFC7029}.Release|Any CPU.Build.0 = Release|Any CPU
		{228850D8-0CF6-4346-9523-7D7A6AFC7029}.Release|x64.ActiveCfg = Release|Any CPU
		{228850D8-0CF6-4346-9523-7D7A6AFC7029}.Release|x64.Build.0 = Release|Any CPU
		{228850D8-0CF6-4346-9523-7D7A6AFC7029}.Release|x86.ActiveCfg = Release|Any CPU
		{228850D8-0CF6-4346-9523-7D7A6AFC7029}.Release|x86.Build.0 = Release|Any CPU
		{D5AA6294-2CD0-442B-BCCE-DD7D7C308009}.Debug|Any CPU.ActiveCfg = Debug|Any CPU
		{D5AA6294-2CD0-442B-BCCE-DD7D7C308009}.Debug|Any CPU.Build.0 = Debug|Any CPU
		{D5AA6294-2CD0-442B-BCCE-DD7D7C308009}.Debug|x64.ActiveCfg = Debug|Any CPU
		{D5AA6294-2CD0-442B-BCCE-DD7D7C308009}.Debug|x64.Build.0 = Debug|Any CPU
		{D5AA6294-2CD0-442B-BCCE-DD7D7C308009}.Debug|x86.ActiveCfg = Debug|Any CPU
		{D5AA6294-2CD0-442B-BCCE-DD7D7C308009}.Debug|x86.Build.0 = Debug|Any CPU
		{D5AA6294-2CD0-442B-BCCE-DD7D7C308009}.Release|Any CPU.ActiveCfg = Release|Any CPU
		{D5AA6294-2CD0-442B-BCCE-DD7D7C308009}.Release|Any CPU.Build.0 = Release|Any CPU
		{D5AA6294-2CD0-442B-BCCE-DD7D7C308009}.Release|x64.ActiveCfg = Release|Any CPU
		{D5AA6294-2CD0-442B-BCCE-DD7D7C308009}.Release|x64.Build.0 = Release|Any CPU
		{D5AA6294-2CD0-442B-BCCE-DD7D7C308009}.Release|x86.ActiveCfg = Release|Any CPU
		{D5AA6294-2CD0-442B-BCCE-DD7D7C308009}.Release|x86.Build.0 = Release|Any CPU
		{C559AE61-8DF0-423C-AC8F-9F1C7C6BE8CD}.Debug|Any CPU.ActiveCfg = Debug|Any CPU
		{C559AE61-8DF0-423C-AC8F-9F1C7C6BE8CD}.Debug|Any CPU.Build.0 = Debug|Any CPU
		{C559AE61-8DF0-423C-AC8F-9F1C7C6BE8CD}.Debug|x64.ActiveCfg = Debug|Any CPU
		{C559AE61-8DF0-423C-AC8F-9F1C7C6BE8CD}.Debug|x64.Build.0 = Debug|Any CPU
		{C559AE61-8DF0-423C-AC8F-9F1C7C6BE8CD}.Debug|x86.ActiveCfg = Debug|Any CPU
		{C559AE61-8DF0-423C-AC8F-9F1C7C6BE8CD}.Debug|x86.Build.0 = Debug|Any CPU
		{C559AE61-8DF0-423C-AC8F-9F1C7C6BE8CD}.Release|Any CPU.ActiveCfg = Release|Any CPU
		{C559AE61-8DF0-423C-AC8F-9F1C7C6BE8CD}.Release|Any CPU.Build.0 = Release|Any CPU
		{C559AE61-8DF0-423C-AC8F-9F1C7C6BE8CD}.Release|x64.ActiveCfg = Release|Any CPU
		{C559AE61-8DF0-423C-AC8F-9F1C7C6BE8CD}.Release|x64.Build.0 = Release|Any CPU
		{C559AE61-8DF0-423C-AC8F-9F1C7C6BE8CD}.Release|x86.ActiveCfg = Release|Any CPU
		{C559AE61-8DF0-423C-AC8F-9F1C7C6BE8CD}.Release|x86.Build.0 = Release|Any CPU
		{134BBFDD-0699-4546-89D4-8102CC197B46}.Debug|Any CPU.ActiveCfg = Debug|Any CPU
		{134BBFDD-0699-4546-89D4-8102CC197B46}.Debug|Any CPU.Build.0 = Debug|Any CPU
		{134BBFDD-0699-4546-89D4-8102CC197B46}.Debug|x64.ActiveCfg = Debug|Any CPU
		{134BBFDD-0699-4546-89D4-8102CC197B46}.Debug|x64.Build.0 = Debug|Any CPU
		{134BBFDD-0699-4546-89D4-8102CC197B46}.Debug|x86.ActiveCfg = Debug|Any CPU
		{134BBFDD-0699-4546-89D4-8102CC197B46}.Debug|x86.Build.0 = Debug|Any CPU
		{134BBFDD-0699-4546-89D4-8102CC197B46}.Release|Any CPU.ActiveCfg = Release|Any CPU
		{134BBFDD-0699-4546-89D4-8102CC197B46}.Release|Any CPU.Build.0 = Release|Any CPU
		{134BBFDD-0699-4546-89D4-8102CC197B46}.Release|x64.ActiveCfg = Release|Any CPU
		{134BBFDD-0699-4546-89D4-8102CC197B46}.Release|x64.Build.0 = Release|Any CPU
		{134BBFDD-0699-4546-89D4-8102CC197B46}.Release|x86.ActiveCfg = Release|Any CPU
		{134BBFDD-0699-4546-89D4-8102CC197B46}.Release|x86.Build.0 = Release|Any CPU
		{3EA77B57-7045-44D2-82A5-546A08450ACE}.Debug|Any CPU.ActiveCfg = Debug|Any CPU
		{3EA77B57-7045-44D2-82A5-546A08450ACE}.Debug|Any CPU.Build.0 = Debug|Any CPU
		{3EA77B57-7045-44D2-82A5-546A08450ACE}.Debug|x64.ActiveCfg = Debug|Any CPU
		{3EA77B57-7045-44D2-82A5-546A08450ACE}.Debug|x64.Build.0 = Debug|Any CPU
		{3EA77B57-7045-44D2-82A5-546A08450ACE}.Debug|x86.ActiveCfg = Debug|Any CPU
		{3EA77B57-7045-44D2-82A5-546A08450ACE}.Debug|x86.Build.0 = Debug|Any CPU
		{3EA77B57-7045-44D2-82A5-546A08450ACE}.Release|Any CPU.ActiveCfg = Release|Any CPU
		{3EA77B57-7045-44D2-82A5-546A08450ACE}.Release|Any CPU.Build.0 = Release|Any CPU
		{3EA77B57-7045-44D2-82A5-546A08450ACE}.Release|x64.ActiveCfg = Release|Any CPU
		{3EA77B57-7045-44D2-82A5-546A08450ACE}.Release|x64.Build.0 = Release|Any CPU
		{3EA77B57-7045-44D2-82A5-546A08450ACE}.Release|x86.ActiveCfg = Release|Any CPU
		{3EA77B57-7045-44D2-82A5-546A08450ACE}.Release|x86.Build.0 = Release|Any CPU
		{05E873A2-12BF-455D-AF4E-C4F11B7F93D2}.Debug|Any CPU.ActiveCfg = Debug|Any CPU
		{05E873A2-12BF-455D-AF4E-C4F11B7F93D2}.Debug|Any CPU.Build.0 = Debug|Any CPU
		{05E873A2-12BF-455D-AF4E-C4F11B7F93D2}.Debug|x64.ActiveCfg = Debug|Any CPU
		{05E873A2-12BF-455D-AF4E-C4F11B7F93D2}.Debug|x64.Build.0 = Debug|Any CPU
		{05E873A2-12BF-455D-AF4E-C4F11B7F93D2}.Debug|x86.ActiveCfg = Debug|Any CPU
		{05E873A2-12BF-455D-AF4E-C4F11B7F93D2}.Debug|x86.Build.0 = Debug|Any CPU
		{05E873A2-12BF-455D-AF4E-C4F11B7F93D2}.Release|Any CPU.ActiveCfg = Release|Any CPU
		{05E873A2-12BF-455D-AF4E-C4F11B7F93D2}.Release|Any CPU.Build.0 = Release|Any CPU
		{05E873A2-12BF-455D-AF4E-C4F11B7F93D2}.Release|x64.ActiveCfg = Release|Any CPU
		{05E873A2-12BF-455D-AF4E-C4F11B7F93D2}.Release|x64.Build.0 = Release|Any CPU
		{05E873A2-12BF-455D-AF4E-C4F11B7F93D2}.Release|x86.ActiveCfg = Release|Any CPU
		{05E873A2-12BF-455D-AF4E-C4F11B7F93D2}.Release|x86.Build.0 = Release|Any CPU
		{E40CA25B-15B4-4DA1-9378-F011622E41DB}.Debug|Any CPU.ActiveCfg = Debug|Any CPU
		{E40CA25B-15B4-4DA1-9378-F011622E41DB}.Debug|Any CPU.Build.0 = Debug|Any CPU
		{E40CA25B-15B4-4DA1-9378-F011622E41DB}.Debug|x64.ActiveCfg = Debug|Any CPU
		{E40CA25B-15B4-4DA1-9378-F011622E41DB}.Debug|x64.Build.0 = Debug|Any CPU
		{E40CA25B-15B4-4DA1-9378-F011622E41DB}.Debug|x86.ActiveCfg = Debug|Any CPU
		{E40CA25B-15B4-4DA1-9378-F011622E41DB}.Debug|x86.Build.0 = Debug|Any CPU
		{E40CA25B-15B4-4DA1-9378-F011622E41DB}.Release|Any CPU.ActiveCfg = Release|Any CPU
		{E40CA25B-15B4-4DA1-9378-F011622E41DB}.Release|Any CPU.Build.0 = Release|Any CPU
		{E40CA25B-15B4-4DA1-9378-F011622E41DB}.Release|x64.ActiveCfg = Release|Any CPU
		{E40CA25B-15B4-4DA1-9378-F011622E41DB}.Release|x64.Build.0 = Release|Any CPU
		{E40CA25B-15B4-4DA1-9378-F011622E41DB}.Release|x86.ActiveCfg = Release|Any CPU
		{E40CA25B-15B4-4DA1-9378-F011622E41DB}.Release|x86.Build.0 = Release|Any CPU
		{7C65C836-BF90-4FD8-A031-B301C29A0D6B}.Debug|Any CPU.ActiveCfg = Debug|Any CPU
		{7C65C836-BF90-4FD8-A031-B301C29A0D6B}.Debug|Any CPU.Build.0 = Debug|Any CPU
		{7C65C836-BF90-4FD8-A031-B301C29A0D6B}.Debug|x64.ActiveCfg = Debug|Any CPU
		{7C65C836-BF90-4FD8-A031-B301C29A0D6B}.Debug|x64.Build.0 = Debug|Any CPU
		{7C65C836-BF90-4FD8-A031-B301C29A0D6B}.Debug|x86.ActiveCfg = Debug|Any CPU
		{7C65C836-BF90-4FD8-A031-B301C29A0D6B}.Debug|x86.Build.0 = Debug|Any CPU
		{7C65C836-BF90-4FD8-A031-B301C29A0D6B}.Release|Any CPU.ActiveCfg = Release|Any CPU
		{7C65C836-BF90-4FD8-A031-B301C29A0D6B}.Release|Any CPU.Build.0 = Release|Any CPU
		{7C65C836-BF90-4FD8-A031-B301C29A0D6B}.Release|x64.ActiveCfg = Release|Any CPU
		{7C65C836-BF90-4FD8-A031-B301C29A0D6B}.Release|x64.Build.0 = Release|Any CPU
		{7C65C836-BF90-4FD8-A031-B301C29A0D6B}.Release|x86.ActiveCfg = Release|Any CPU
		{7C65C836-BF90-4FD8-A031-B301C29A0D6B}.Release|x86.Build.0 = Release|Any CPU
		{3B3CCA85-2EA5-4E44-846B-2FC38CC47E75}.Debug|Any CPU.ActiveCfg = Debug|Any CPU
		{3B3CCA85-2EA5-4E44-846B-2FC38CC47E75}.Debug|Any CPU.Build.0 = Debug|Any CPU
		{3B3CCA85-2EA5-4E44-846B-2FC38CC47E75}.Debug|x64.ActiveCfg = Debug|Any CPU
		{3B3CCA85-2EA5-4E44-846B-2FC38CC47E75}.Debug|x64.Build.0 = Debug|Any CPU
		{3B3CCA85-2EA5-4E44-846B-2FC38CC47E75}.Debug|x86.ActiveCfg = Debug|Any CPU
		{3B3CCA85-2EA5-4E44-846B-2FC38CC47E75}.Debug|x86.Build.0 = Debug|Any CPU
		{3B3CCA85-2EA5-4E44-846B-2FC38CC47E75}.Release|Any CPU.ActiveCfg = Release|Any CPU
		{3B3CCA85-2EA5-4E44-846B-2FC38CC47E75}.Release|Any CPU.Build.0 = Release|Any CPU
		{3B3CCA85-2EA5-4E44-846B-2FC38CC47E75}.Release|x64.ActiveCfg = Release|Any CPU
		{3B3CCA85-2EA5-4E44-846B-2FC38CC47E75}.Release|x64.Build.0 = Release|Any CPU
		{3B3CCA85-2EA5-4E44-846B-2FC38CC47E75}.Release|x86.ActiveCfg = Release|Any CPU
		{3B3CCA85-2EA5-4E44-846B-2FC38CC47E75}.Release|x86.Build.0 = Release|Any CPU
		{504276F0-71BB-4FE6-85FA-AF516FB84C2A}.Debug|Any CPU.ActiveCfg = Debug|Any CPU
		{504276F0-71BB-4FE6-85FA-AF516FB84C2A}.Debug|Any CPU.Build.0 = Debug|Any CPU
		{504276F0-71BB-4FE6-85FA-AF516FB84C2A}.Debug|x64.ActiveCfg = Debug|Any CPU
		{504276F0-71BB-4FE6-85FA-AF516FB84C2A}.Debug|x64.Build.0 = Debug|Any CPU
		{504276F0-71BB-4FE6-85FA-AF516FB84C2A}.Debug|x86.ActiveCfg = Debug|Any CPU
		{504276F0-71BB-4FE6-85FA-AF516FB84C2A}.Debug|x86.Build.0 = Debug|Any CPU
		{504276F0-71BB-4FE6-85FA-AF516FB84C2A}.Release|Any CPU.ActiveCfg = Release|Any CPU
		{504276F0-71BB-4FE6-85FA-AF516FB84C2A}.Release|Any CPU.Build.0 = Release|Any CPU
		{504276F0-71BB-4FE6-85FA-AF516FB84C2A}.Release|x64.ActiveCfg = Release|Any CPU
		{504276F0-71BB-4FE6-85FA-AF516FB84C2A}.Release|x64.Build.0 = Release|Any CPU
		{504276F0-71BB-4FE6-85FA-AF516FB84C2A}.Release|x86.ActiveCfg = Release|Any CPU
		{504276F0-71BB-4FE6-85FA-AF516FB84C2A}.Release|x86.Build.0 = Release|Any CPU
		{FA0F95C6-9B39-403A-9C24-AB8BA84746B2}.Debug|Any CPU.ActiveCfg = Debug|Any CPU
		{FA0F95C6-9B39-403A-9C24-AB8BA84746B2}.Debug|Any CPU.Build.0 = Debug|Any CPU
		{FA0F95C6-9B39-403A-9C24-AB8BA84746B2}.Debug|x64.ActiveCfg = Debug|Any CPU
		{FA0F95C6-9B39-403A-9C24-AB8BA84746B2}.Debug|x64.Build.0 = Debug|Any CPU
		{FA0F95C6-9B39-403A-9C24-AB8BA84746B2}.Debug|x86.ActiveCfg = Debug|Any CPU
		{FA0F95C6-9B39-403A-9C24-AB8BA84746B2}.Debug|x86.Build.0 = Debug|Any CPU
		{FA0F95C6-9B39-403A-9C24-AB8BA84746B2}.Release|Any CPU.ActiveCfg = Release|Any CPU
		{FA0F95C6-9B39-403A-9C24-AB8BA84746B2}.Release|Any CPU.Build.0 = Release|Any CPU
		{FA0F95C6-9B39-403A-9C24-AB8BA84746B2}.Release|x64.ActiveCfg = Release|Any CPU
		{FA0F95C6-9B39-403A-9C24-AB8BA84746B2}.Release|x64.Build.0 = Release|Any CPU
		{FA0F95C6-9B39-403A-9C24-AB8BA84746B2}.Release|x86.ActiveCfg = Release|Any CPU
		{FA0F95C6-9B39-403A-9C24-AB8BA84746B2}.Release|x86.Build.0 = Release|Any CPU
		{CF85664C-9095-4BA0-92A3-658944F8EE92}.Debug|Any CPU.ActiveCfg = Debug|Any CPU
		{CF85664C-9095-4BA0-92A3-658944F8EE92}.Debug|Any CPU.Build.0 = Debug|Any CPU
		{CF85664C-9095-4BA0-92A3-658944F8EE92}.Debug|x64.ActiveCfg = Debug|Any CPU
		{CF85664C-9095-4BA0-92A3-658944F8EE92}.Debug|x64.Build.0 = Debug|Any CPU
		{CF85664C-9095-4BA0-92A3-658944F8EE92}.Debug|x86.ActiveCfg = Debug|Any CPU
		{CF85664C-9095-4BA0-92A3-658944F8EE92}.Debug|x86.Build.0 = Debug|Any CPU
		{CF85664C-9095-4BA0-92A3-658944F8EE92}.Release|Any CPU.ActiveCfg = Release|Any CPU
		{CF85664C-9095-4BA0-92A3-658944F8EE92}.Release|Any CPU.Build.0 = Release|Any CPU
		{CF85664C-9095-4BA0-92A3-658944F8EE92}.Release|x64.ActiveCfg = Release|Any CPU
		{CF85664C-9095-4BA0-92A3-658944F8EE92}.Release|x64.Build.0 = Release|Any CPU
		{CF85664C-9095-4BA0-92A3-658944F8EE92}.Release|x86.ActiveCfg = Release|Any CPU
		{CF85664C-9095-4BA0-92A3-658944F8EE92}.Release|x86.Build.0 = Release|Any CPU
		{F63C1EA7-D519-4636-B425-DB9CE53F8D55}.Debug|Any CPU.ActiveCfg = Debug|Any CPU
		{F63C1EA7-D519-4636-B425-DB9CE53F8D55}.Debug|Any CPU.Build.0 = Debug|Any CPU
		{F63C1EA7-D519-4636-B425-DB9CE53F8D55}.Debug|x64.ActiveCfg = Debug|Any CPU
		{F63C1EA7-D519-4636-B425-DB9CE53F8D55}.Debug|x64.Build.0 = Debug|Any CPU
		{F63C1EA7-D519-4636-B425-DB9CE53F8D55}.Debug|x86.ActiveCfg = Debug|Any CPU
		{F63C1EA7-D519-4636-B425-DB9CE53F8D55}.Debug|x86.Build.0 = Debug|Any CPU
		{F63C1EA7-D519-4636-B425-DB9CE53F8D55}.Release|Any CPU.ActiveCfg = Release|Any CPU
		{F63C1EA7-D519-4636-B425-DB9CE53F8D55}.Release|Any CPU.Build.0 = Release|Any CPU
		{F63C1EA7-D519-4636-B425-DB9CE53F8D55}.Release|x64.ActiveCfg = Release|Any CPU
		{F63C1EA7-D519-4636-B425-DB9CE53F8D55}.Release|x64.Build.0 = Release|Any CPU
		{F63C1EA7-D519-4636-B425-DB9CE53F8D55}.Release|x86.ActiveCfg = Release|Any CPU
		{F63C1EA7-D519-4636-B425-DB9CE53F8D55}.Release|x86.Build.0 = Release|Any CPU
		{20E9433B-D7B8-4E20-B1B0-87311452D2CB}.Debug|Any CPU.ActiveCfg = Debug|Any CPU
		{20E9433B-D7B8-4E20-B1B0-87311452D2CB}.Debug|Any CPU.Build.0 = Debug|Any CPU
		{20E9433B-D7B8-4E20-B1B0-87311452D2CB}.Debug|x64.ActiveCfg = Debug|Any CPU
		{20E9433B-D7B8-4E20-B1B0-87311452D2CB}.Debug|x64.Build.0 = Debug|Any CPU
		{20E9433B-D7B8-4E20-B1B0-87311452D2CB}.Debug|x86.ActiveCfg = Debug|Any CPU
		{20E9433B-D7B8-4E20-B1B0-87311452D2CB}.Debug|x86.Build.0 = Debug|Any CPU
		{20E9433B-D7B8-4E20-B1B0-87311452D2CB}.Release|Any CPU.ActiveCfg = Release|Any CPU
		{20E9433B-D7B8-4E20-B1B0-87311452D2CB}.Release|Any CPU.Build.0 = Release|Any CPU
		{20E9433B-D7B8-4E20-B1B0-87311452D2CB}.Release|x64.ActiveCfg = Release|Any CPU
		{20E9433B-D7B8-4E20-B1B0-87311452D2CB}.Release|x64.Build.0 = Release|Any CPU
		{20E9433B-D7B8-4E20-B1B0-87311452D2CB}.Release|x86.ActiveCfg = Release|Any CPU
		{20E9433B-D7B8-4E20-B1B0-87311452D2CB}.Release|x86.Build.0 = Release|Any CPU
		{579BBC16-0D23-4B5F-83D6-775B93762096}.Debug|Any CPU.ActiveCfg = Debug|Any CPU
		{579BBC16-0D23-4B5F-83D6-775B93762096}.Debug|Any CPU.Build.0 = Debug|Any CPU
		{579BBC16-0D23-4B5F-83D6-775B93762096}.Debug|x64.ActiveCfg = Debug|Any CPU
		{579BBC16-0D23-4B5F-83D6-775B93762096}.Debug|x64.Build.0 = Debug|Any CPU
		{579BBC16-0D23-4B5F-83D6-775B93762096}.Debug|x86.ActiveCfg = Debug|Any CPU
		{579BBC16-0D23-4B5F-83D6-775B93762096}.Debug|x86.Build.0 = Debug|Any CPU
		{579BBC16-0D23-4B5F-83D6-775B93762096}.Release|Any CPU.ActiveCfg = Release|Any CPU
		{579BBC16-0D23-4B5F-83D6-775B93762096}.Release|Any CPU.Build.0 = Release|Any CPU
		{579BBC16-0D23-4B5F-83D6-775B93762096}.Release|x64.ActiveCfg = Release|Any CPU
		{579BBC16-0D23-4B5F-83D6-775B93762096}.Release|x64.Build.0 = Release|Any CPU
		{579BBC16-0D23-4B5F-83D6-775B93762096}.Release|x86.ActiveCfg = Release|Any CPU
		{579BBC16-0D23-4B5F-83D6-775B93762096}.Release|x86.Build.0 = Release|Any CPU
		{290D8BD0-B1D8-4C18-82E3-74044BDAB2C5}.Debug|Any CPU.ActiveCfg = Debug|Any CPU
		{290D8BD0-B1D8-4C18-82E3-74044BDAB2C5}.Debug|Any CPU.Build.0 = Debug|Any CPU
		{290D8BD0-B1D8-4C18-82E3-74044BDAB2C5}.Debug|x64.ActiveCfg = Debug|Any CPU
		{290D8BD0-B1D8-4C18-82E3-74044BDAB2C5}.Debug|x64.Build.0 = Debug|Any CPU
		{290D8BD0-B1D8-4C18-82E3-74044BDAB2C5}.Debug|x86.ActiveCfg = Debug|Any CPU
		{290D8BD0-B1D8-4C18-82E3-74044BDAB2C5}.Debug|x86.Build.0 = Debug|Any CPU
		{290D8BD0-B1D8-4C18-82E3-74044BDAB2C5}.Release|Any CPU.ActiveCfg = Release|Any CPU
		{290D8BD0-B1D8-4C18-82E3-74044BDAB2C5}.Release|Any CPU.Build.0 = Release|Any CPU
		{290D8BD0-B1D8-4C18-82E3-74044BDAB2C5}.Release|x64.ActiveCfg = Release|Any CPU
		{290D8BD0-B1D8-4C18-82E3-74044BDAB2C5}.Release|x64.Build.0 = Release|Any CPU
		{290D8BD0-B1D8-4C18-82E3-74044BDAB2C5}.Release|x86.ActiveCfg = Release|Any CPU
		{290D8BD0-B1D8-4C18-82E3-74044BDAB2C5}.Release|x86.Build.0 = Release|Any CPU
		{C1F219F1-7DA4-492C-BC3E-094348A07ED7}.Debug|Any CPU.ActiveCfg = Debug|Any CPU
		{C1F219F1-7DA4-492C-BC3E-094348A07ED7}.Debug|Any CPU.Build.0 = Debug|Any CPU
		{C1F219F1-7DA4-492C-BC3E-094348A07ED7}.Debug|x64.ActiveCfg = Debug|Any CPU
		{C1F219F1-7DA4-492C-BC3E-094348A07ED7}.Debug|x64.Build.0 = Debug|Any CPU
		{C1F219F1-7DA4-492C-BC3E-094348A07ED7}.Debug|x86.ActiveCfg = Debug|Any CPU
		{C1F219F1-7DA4-492C-BC3E-094348A07ED7}.Debug|x86.Build.0 = Debug|Any CPU
		{C1F219F1-7DA4-492C-BC3E-094348A07ED7}.Release|Any CPU.ActiveCfg = Release|Any CPU
		{C1F219F1-7DA4-492C-BC3E-094348A07ED7}.Release|Any CPU.Build.0 = Release|Any CPU
		{C1F219F1-7DA4-492C-BC3E-094348A07ED7}.Release|x64.ActiveCfg = Release|Any CPU
		{C1F219F1-7DA4-492C-BC3E-094348A07ED7}.Release|x64.Build.0 = Release|Any CPU
		{C1F219F1-7DA4-492C-BC3E-094348A07ED7}.Release|x86.ActiveCfg = Release|Any CPU
		{C1F219F1-7DA4-492C-BC3E-094348A07ED7}.Release|x86.Build.0 = Release|Any CPU
		{2D671196-F511-4623-BF6E-8E9999217884}.Debug|Any CPU.ActiveCfg = Debug|Any CPU
		{2D671196-F511-4623-BF6E-8E9999217884}.Debug|Any CPU.Build.0 = Debug|Any CPU
		{2D671196-F511-4623-BF6E-8E9999217884}.Debug|x64.ActiveCfg = Debug|Any CPU
		{2D671196-F511-4623-BF6E-8E9999217884}.Debug|x64.Build.0 = Debug|Any CPU
		{2D671196-F511-4623-BF6E-8E9999217884}.Debug|x86.ActiveCfg = Debug|Any CPU
		{2D671196-F511-4623-BF6E-8E9999217884}.Debug|x86.Build.0 = Debug|Any CPU
		{2D671196-F511-4623-BF6E-8E9999217884}.Release|Any CPU.ActiveCfg = Release|Any CPU
		{2D671196-F511-4623-BF6E-8E9999217884}.Release|Any CPU.Build.0 = Release|Any CPU
		{2D671196-F511-4623-BF6E-8E9999217884}.Release|x64.ActiveCfg = Release|Any CPU
		{2D671196-F511-4623-BF6E-8E9999217884}.Release|x64.Build.0 = Release|Any CPU
		{2D671196-F511-4623-BF6E-8E9999217884}.Release|x86.ActiveCfg = Release|Any CPU
		{2D671196-F511-4623-BF6E-8E9999217884}.Release|x86.Build.0 = Release|Any CPU
		{2BC55402-2AAB-46BB-B307-CD874BE2A42C}.Debug|Any CPU.ActiveCfg = Debug|Any CPU
		{2BC55402-2AAB-46BB-B307-CD874BE2A42C}.Debug|Any CPU.Build.0 = Debug|Any CPU
		{2BC55402-2AAB-46BB-B307-CD874BE2A42C}.Debug|x64.ActiveCfg = Debug|Any CPU
		{2BC55402-2AAB-46BB-B307-CD874BE2A42C}.Debug|x64.Build.0 = Debug|Any CPU
		{2BC55402-2AAB-46BB-B307-CD874BE2A42C}.Debug|x86.ActiveCfg = Debug|Any CPU
		{2BC55402-2AAB-46BB-B307-CD874BE2A42C}.Debug|x86.Build.0 = Debug|Any CPU
		{2BC55402-2AAB-46BB-B307-CD874BE2A42C}.Release|Any CPU.ActiveCfg = Release|Any CPU
		{2BC55402-2AAB-46BB-B307-CD874BE2A42C}.Release|Any CPU.Build.0 = Release|Any CPU
		{2BC55402-2AAB-46BB-B307-CD874BE2A42C}.Release|x64.ActiveCfg = Release|Any CPU
		{2BC55402-2AAB-46BB-B307-CD874BE2A42C}.Release|x64.Build.0 = Release|Any CPU
		{2BC55402-2AAB-46BB-B307-CD874BE2A42C}.Release|x86.ActiveCfg = Release|Any CPU
		{2BC55402-2AAB-46BB-B307-CD874BE2A42C}.Release|x86.Build.0 = Release|Any CPU
	EndGlobalSection
	GlobalSection(SolutionProperties) = preSolution
		HideSolutionNode = FALSE
	EndGlobalSection
	GlobalSection(NestedProjects) = preSolution
		{0AB4D7E3-8E6A-4E91-ABD7-E3EE943D71E0} = {9C3DD241-E48B-49D5-A58A-263F5D56429B}
		{960762E2-7A70-4461-AE90-7A9A2AB7D74D} = {9C3DD241-E48B-49D5-A58A-263F5D56429B}
		{BAD0E586-3282-4D8E-8283-31D0A21016C8} = {0AB4D7E3-8E6A-4E91-ABD7-E3EE943D71E0}
		{5DFAF4DA-08F5-43C9-8C83-438D9D6AD903} = {BAD0E586-3282-4D8E-8283-31D0A21016C8}
		{BA5B94C0-F3D2-4414-8E2C-AF3219616E52} = {BAD0E586-3282-4D8E-8283-31D0A21016C8}
		{174F7F6E-7DC1-4504-AEBC-9B5F46A0E1B3} = {BAD0E586-3282-4D8E-8283-31D0A21016C8}
		{3899656A-A295-408E-9671-9FBA3160BF87} = {960762E2-7A70-4461-AE90-7A9A2AB7D74D}
		{FB55A3C5-56A2-4659-B556-EBAF9676AF21} = {3899656A-A295-408E-9671-9FBA3160BF87}
		{BB56C15C-1F01-4B8A-9212-E8BBCD88FDF5} = {3899656A-A295-408E-9671-9FBA3160BF87}
		{3C320343-C497-4E1D-8DDA-95DA2A82110B} = {9C3DD241-E48B-49D5-A58A-263F5D56429B}
		{8E543AB8-8765-4ADC-AC87-73F06E00A56C} = {3C320343-C497-4E1D-8DDA-95DA2A82110B}
		{2E867C40-F193-A812-12F8-8A683757208B} = {960762E2-7A70-4461-AE90-7A9A2AB7D74D}
		{228850D8-0CF6-4346-9523-7D7A6AFC7029} = {2E867C40-F193-A812-12F8-8A683757208B}
		{05290290-FAC7-C423-954B-6E53FBAB1A71} = {960762E2-7A70-4461-AE90-7A9A2AB7D74D}
		{D5AA6294-2CD0-442B-BCCE-DD7D7C308009} = {05290290-FAC7-C423-954B-6E53FBAB1A71}
		{C559AE61-8DF0-423C-AC8F-9F1C7C6BE8CD} = {BAD0E586-3282-4D8E-8283-31D0A21016C8}
		{2114B490-C265-BC07-E223-EF7EFE1E9AF0} = {960762E2-7A70-4461-AE90-7A9A2AB7D74D}
		{134BBFDD-0699-4546-89D4-8102CC197B46} = {2114B490-C265-BC07-E223-EF7EFE1E9AF0}
		{D5E229E5-7C4F-6A1D-8AD4-21078D3BA9AE} = {960762E2-7A70-4461-AE90-7A9A2AB7D74D}
		{3EA77B57-7045-44D2-82A5-546A08450ACE} = {D5E229E5-7C4F-6A1D-8AD4-21078D3BA9AE}
		{05E873A2-12BF-455D-AF4E-C4F11B7F93D2} = {2E867C40-F193-A812-12F8-8A683757208B}
		{E40CA25B-15B4-4DA1-9378-F011622E41DB} = {2E867C40-F193-A812-12F8-8A683757208B}
		{7C65C836-BF90-4FD8-A031-B301C29A0D6B} = {3899656A-A295-408E-9671-9FBA3160BF87}
		{3B3CCA85-2EA5-4E44-846B-2FC38CC47E75} = {2E867C40-F193-A812-12F8-8A683757208B}
		{9D556B49-86D1-93A7-9596-FFAAB74EC556} = {0AB3BF05-4346-4AA6-1389-037BE0695223}
		{504276F0-71BB-4FE6-85FA-AF516FB84C2A} = {9D556B49-86D1-93A7-9596-FFAAB74EC556}
		{28A6993C-471E-82FE-7D9E-AD3B1EC22BD9} = {0AB3BF05-4346-4AA6-1389-037BE0695223}
		{FA0F95C6-9B39-403A-9C24-AB8BA84746B2} = {28A6993C-471E-82FE-7D9E-AD3B1EC22BD9}
		{CF85664C-9095-4BA0-92A3-658944F8EE92} = {9D556B49-86D1-93A7-9596-FFAAB74EC556}
		{D0D6B8B0-AC35-B3FA-0B96-A9B0E4A3253E} = {0AB3BF05-4346-4AA6-1389-037BE0695223}
		{F63C1EA7-D519-4636-B425-DB9CE53F8D55} = {D0D6B8B0-AC35-B3FA-0B96-A9B0E4A3253E}
		{B0B9F6B2-99A2-872E-D51B-D513C0ED098A} = {960762E2-7A70-4461-AE90-7A9A2AB7D74D}
		{20E9433B-D7B8-4E20-B1B0-87311452D2CB} = {B0B9F6B2-99A2-872E-D51B-D513C0ED098A}
		{579BBC16-0D23-4B5F-83D6-775B93762096} = {28A6993C-471E-82FE-7D9E-AD3B1EC22BD9}
		{95C0D132-D9C7-E9D5-802E-E5DB21C9CF2C} = {0AB4D7E3-8E6A-4E91-ABD7-E3EE943D71E0}
		{290D8BD0-B1D8-4C18-82E3-74044BDAB2C5} = {95C0D132-D9C7-E9D5-802E-E5DB21C9CF2C}
		{C1F219F1-7DA4-492C-BC3E-094348A07ED7} = {95C0D132-D9C7-E9D5-802E-E5DB21C9CF2C}
		{2D671196-F511-4623-BF6E-8E9999217884} = {95C0D132-D9C7-E9D5-802E-E5DB21C9CF2C}
		{2BC55402-2AAB-46BB-B307-CD874BE2A42C} = {95C0D132-D9C7-E9D5-802E-E5DB21C9CF2C}
	EndGlobalSection
	GlobalSection(ExtensibilityGlobals) = postSolution
		SolutionGuid = {F2C65A4D-0401-4F09-84BD-967F4424D40D}
	EndGlobalSection
EndGlobal
